// !$*UTF8*$!
{
	archiveVersion = 1;
	classes = {
	};
	objectVersion = 46;
	objects = {

/* Begin PBXBuildFile section */
		35BD4FCF1CE8B1A5D6232B31 /* Pods_swiftProjectTest.framework in Frameworks */ = {isa = PBXBuildFile; fileRef = 6F61A4CE33226D6DA157148D /* Pods_swiftProjectTest.framework */; };
		F9555BD41F74B3FA0092B095 /* ZHCustomCell.swift in Sources */ = {isa = PBXBuildFile; fileRef = F9555BD31F74B3FA0092B095 /* ZHCustomCell.swift */; };
		F95AB1981EF9198F009ECFC6 /* AppDelegate.swift in Sources */ = {isa = PBXBuildFile; fileRef = F95AB1971EF9198F009ECFC6 /* AppDelegate.swift */; };
		F95AB19A1EF9198F009ECFC6 /* ViewController.swift in Sources */ = {isa = PBXBuildFile; fileRef = F95AB1991EF9198F009ECFC6 /* ViewController.swift */; };
		F95AB19D1EF9198F009ECFC6 /* Main.storyboard in Resources */ = {isa = PBXBuildFile; fileRef = F95AB19B1EF9198F009ECFC6 /* Main.storyboard */; };
		F95AB19F1EF9198F009ECFC6 /* Assets.xcassets in Resources */ = {isa = PBXBuildFile; fileRef = F95AB19E1EF9198F009ECFC6 /* Assets.xcassets */; };
		F95AB1A21EF9198F009ECFC6 /* LaunchScreen.storyboard in Resources */ = {isa = PBXBuildFile; fileRef = F95AB1A01EF9198F009ECFC6 /* LaunchScreen.storyboard */; };
		F95AB1AD1EF9198F009ECFC6 /* swiftProjectTestTests.swift in Sources */ = {isa = PBXBuildFile; fileRef = F95AB1AC1EF9198F009ECFC6 /* swiftProjectTestTests.swift */; };
		F95AB1B81EF9198F009ECFC6 /* swiftProjectTestUITests.swift in Sources */ = {isa = PBXBuildFile; fileRef = F95AB1B71EF9198F009ECFC6 /* swiftProjectTestUITests.swift */; };
		F95E834C1F7A2C140099F9B9 /* ZHCustomTableViewController.swift in Sources */ = {isa = PBXBuildFile; fileRef = F95E834B1F7A2C140099F9B9 /* ZHCustomTableViewController.swift */; };
/* End PBXBuildFile section */

/* Begin PBXContainerItemProxy section */
		F95AB1A91EF9198F009ECFC6 /* PBXContainerItemProxy */ = {
			isa = PBXContainerItemProxy;
			containerPortal = F95AB18C1EF9198E009ECFC6 /* Project object */;
			proxyType = 1;
			remoteGlobalIDString = F95AB1931EF9198F009ECFC6;
			remoteInfo = swiftProjectTest;
		};
		F95AB1B41EF9198F009ECFC6 /* PBXContainerItemProxy */ = {
			isa = PBXContainerItemProxy;
			containerPortal = F95AB18C1EF9198E009ECFC6 /* Project object */;
			proxyType = 1;
			remoteGlobalIDString = F95AB1931EF9198F009ECFC6;
			remoteInfo = swiftProjectTest;
		};
/* End PBXContainerItemProxy section */

/* Begin PBXFileReference section */
		62D7D6118CB935B902DB3F91 /* Pods-swiftProjectTest.debug.xcconfig */ = {isa = PBXFileReference; includeInIndex = 1; lastKnownFileType = text.xcconfig; name = "Pods-swiftProjectTest.debug.xcconfig"; path = "Pods/Target Support Files/Pods-swiftProjectTest/Pods-swiftProjectTest.debug.xcconfig"; sourceTree = "<group>"; };
		6F61A4CE33226D6DA157148D /* Pods_swiftProjectTest.framework */ = {isa = PBXFileReference; explicitFileType = wrapper.framework; includeInIndex = 0; path = Pods_swiftProjectTest.framework; sourceTree = BUILT_PRODUCTS_DIR; };
		9340F9011368379750EB5220 /* Pods-swiftProjectTest.release.xcconfig */ = {isa = PBXFileReference; includeInIndex = 1; lastKnownFileType = text.xcconfig; name = "Pods-swiftProjectTest.release.xcconfig"; path = "Pods/Target Support Files/Pods-swiftProjectTest/Pods-swiftProjectTest.release.xcconfig"; sourceTree = "<group>"; };
		F9555BD31F74B3FA0092B095 /* ZHCustomCell.swift */ = {isa = PBXFileReference; fileEncoding = 4; lastKnownFileType = sourcecode.swift; path = ZHCustomCell.swift; sourceTree = "<group>"; };
		F95AB1941EF9198F009ECFC6 /* swiftProjectTest.app */ = {isa = PBXFileReference; explicitFileType = wrapper.application; includeInIndex = 0; path = swiftProjectTest.app; sourceTree = BUILT_PRODUCTS_DIR; };
		F95AB1971EF9198F009ECFC6 /* AppDelegate.swift */ = {isa = PBXFileReference; lastKnownFileType = sourcecode.swift; path = AppDelegate.swift; sourceTree = "<group>"; };
		F95AB1991EF9198F009ECFC6 /* ViewController.swift */ = {isa = PBXFileReference; lastKnownFileType = sourcecode.swift; path = ViewController.swift; sourceTree = "<group>"; };
		F95AB19C1EF9198F009ECFC6 /* Base */ = {isa = PBXFileReference; lastKnownFileType = file.storyboard; name = Base; path = Base.lproj/Main.storyboard; sourceTree = "<group>"; };
		F95AB19E1EF9198F009ECFC6 /* Assets.xcassets */ = {isa = PBXFileReference; lastKnownFileType = folder.assetcatalog; path = Assets.xcassets; sourceTree = "<group>"; };
		F95AB1A11EF9198F009ECFC6 /* Base */ = {isa = PBXFileReference; lastKnownFileType = file.storyboard; name = Base; path = Base.lproj/LaunchScreen.storyboard; sourceTree = "<group>"; };
		F95AB1A31EF9198F009ECFC6 /* Info.plist */ = {isa = PBXFileReference; lastKnownFileType = text.plist.xml; path = Info.plist; sourceTree = "<group>"; };
		F95AB1A81EF9198F009ECFC6 /* swiftProjectTestTests.xctest */ = {isa = PBXFileReference; explicitFileType = wrapper.cfbundle; includeInIndex = 0; path = swiftProjectTestTests.xctest; sourceTree = BUILT_PRODUCTS_DIR; };
		F95AB1AC1EF9198F009ECFC6 /* swiftProjectTestTests.swift */ = {isa = PBXFileReference; lastKnownFileType = sourcecode.swift; path = swiftProjectTestTests.swift; sourceTree = "<group>"; };
		F95AB1AE1EF9198F009ECFC6 /* Info.plist */ = {isa = PBXFileReference; lastKnownFileType = text.plist.xml; path = Info.plist; sourceTree = "<group>"; };
		F95AB1B31EF9198F009ECFC6 /* swiftProjectTestUITests.xctest */ = {isa = PBXFileReference; explicitFileType = wrapper.cfbundle; includeInIndex = 0; path = swiftProjectTestUITests.xctest; sourceTree = BUILT_PRODUCTS_DIR; };
		F95AB1B71EF9198F009ECFC6 /* swiftProjectTestUITests.swift */ = {isa = PBXFileReference; lastKnownFileType = sourcecode.swift; path = swiftProjectTestUITests.swift; sourceTree = "<group>"; };
		F95AB1B91EF9198F009ECFC6 /* Info.plist */ = {isa = PBXFileReference; lastKnownFileType = text.plist.xml; path = Info.plist; sourceTree = "<group>"; };
		F95E834B1F7A2C140099F9B9 /* ZHCustomTableViewController.swift */ = {isa = PBXFileReference; fileEncoding = 4; lastKnownFileType = sourcecode.swift; path = ZHCustomTableViewController.swift; sourceTree = "<group>"; };
/* End PBXFileReference section */

/* Begin PBXFrameworksBuildPhase section */
		F95AB1911EF9198F009ECFC6 /* Frameworks */ = {
			isa = PBXFrameworksBuildPhase;
			buildActionMask = 2147483647;
			files = (
				35BD4FCF1CE8B1A5D6232B31 /* Pods_swiftProjectTest.framework in Frameworks */,
			);
			runOnlyForDeploymentPostprocessing = 0;
		};
		F95AB1A51EF9198F009ECFC6 /* Frameworks */ = {
			isa = PBXFrameworksBuildPhase;
			buildActionMask = 2147483647;
			files = (
			);
			runOnlyForDeploymentPostprocessing = 0;
		};
		F95AB1B01EF9198F009ECFC6 /* Frameworks */ = {
			isa = PBXFrameworksBuildPhase;
			buildActionMask = 2147483647;
			files = (
			);
			runOnlyForDeploymentPostprocessing = 0;
		};
/* End PBXFrameworksBuildPhase section */

/* Begin PBXGroup section */
		9B1C8A149C8732DEBB5D5165 /* Pods */ = {
			isa = PBXGroup;
			children = (
				62D7D6118CB935B902DB3F91 /* Pods-swiftProjectTest.debug.xcconfig */,
				9340F9011368379750EB5220 /* Pods-swiftProjectTest.release.xcconfig */,
			);
			name = Pods;
			sourceTree = "<group>";
		};
		A4A67B26997F3DFCCB6ECACE /* Frameworks */ = {
			isa = PBXGroup;
			children = (
				6F61A4CE33226D6DA157148D /* Pods_swiftProjectTest.framework */,
			);
			name = Frameworks;
			sourceTree = "<group>";
		};
		F9555BD21F74B3DB0092B095 /* customCell */ = {
			isa = PBXGroup;
			children = (
				F9555BD31F74B3FA0092B095 /* ZHCustomCell.swift */,
				F95E834B1F7A2C140099F9B9 /* ZHCustomTableViewController.swift */,
			);
			path = customCell;
			sourceTree = "<group>";
		};
		F95AB18B1EF9198E009ECFC6 = {
			isa = PBXGroup;
			children = (
				F95AB1961EF9198F009ECFC6 /* swiftProjectTest */,
				F95AB1AB1EF9198F009ECFC6 /* swiftProjectTestTests */,
				F95AB1B61EF9198F009ECFC6 /* swiftProjectTestUITests */,
				F95AB1951EF9198F009ECFC6 /* Products */,
				9B1C8A149C8732DEBB5D5165 /* Pods */,
				A4A67B26997F3DFCCB6ECACE /* Frameworks */,
			);
			sourceTree = "<group>";
		};
		F95AB1951EF9198F009ECFC6 /* Products */ = {
			isa = PBXGroup;
			children = (
				F95AB1941EF9198F009ECFC6 /* swiftProjectTest.app */,
				F95AB1A81EF9198F009ECFC6 /* swiftProjectTestTests.xctest */,
				F95AB1B31EF9198F009ECFC6 /* swiftProjectTestUITests.xctest */,
			);
			name = Products;
			sourceTree = "<group>";
		};
		F95AB1961EF9198F009ECFC6 /* swiftProjectTest */ = {
			isa = PBXGroup;
			children = (
				F9555BD21F74B3DB0092B095 /* customCell */,
				F95AB1971EF9198F009ECFC6 /* AppDelegate.swift */,
				F95AB1991EF9198F009ECFC6 /* ViewController.swift */,
				F95AB19B1EF9198F009ECFC6 /* Main.storyboard */,
				F95AB19E1EF9198F009ECFC6 /* Assets.xcassets */,
				F95AB1A01EF9198F009ECFC6 /* LaunchScreen.storyboard */,
				F95AB1A31EF9198F009ECFC6 /* Info.plist */,
			);
			path = swiftProjectTest;
			sourceTree = "<group>";
		};
		F95AB1AB1EF9198F009ECFC6 /* swiftProjectTestTests */ = {
			isa = PBXGroup;
			children = (
				F95AB1AC1EF9198F009ECFC6 /* swiftProjectTestTests.swift */,
				F95AB1AE1EF9198F009ECFC6 /* Info.plist */,
			);
			path = swiftProjectTestTests;
			sourceTree = "<group>";
		};
		F95AB1B61EF9198F009ECFC6 /* swiftProjectTestUITests */ = {
			isa = PBXGroup;
			children = (
				F95AB1B71EF9198F009ECFC6 /* swiftProjectTestUITests.swift */,
				F95AB1B91EF9198F009ECFC6 /* Info.plist */,
			);
			path = swiftProjectTestUITests;
			sourceTree = "<group>";
		};
/* End PBXGroup section */

/* Begin PBXNativeTarget section */
		F95AB1931EF9198F009ECFC6 /* swiftProjectTest */ = {
			isa = PBXNativeTarget;
			buildConfigurationList = F95AB1BC1EF9198F009ECFC6 /* Build configuration list for PBXNativeTarget "swiftProjectTest" */;
			buildPhases = (
				617680119F07445D7E08713A /* [CP] Check Pods Manifest.lock */,
				F95AB1901EF9198F009ECFC6 /* Sources */,
				F95AB1911EF9198F009ECFC6 /* Frameworks */,
				F95AB1921EF9198F009ECFC6 /* Resources */,
				C261A098A70928E694B513D4 /* [CP] Embed Pods Frameworks */,
				CAC19A72B4D748563792C1AC /* [CP] Copy Pods Resources */,
			);
			buildRules = (
			);
			dependencies = (
			);
			name = swiftProjectTest;
			productName = swiftProjectTest;
			productReference = F95AB1941EF9198F009ECFC6 /* swiftProjectTest.app */;
			productType = "com.apple.product-type.application";
		};
		F95AB1A71EF9198F009ECFC6 /* swiftProjectTestTests */ = {
			isa = PBXNativeTarget;
			buildConfigurationList = F95AB1BF1EF9198F009ECFC6 /* Build configuration list for PBXNativeTarget "swiftProjectTestTests" */;
			buildPhases = (
				F95AB1A41EF9198F009ECFC6 /* Sources */,
				F95AB1A51EF9198F009ECFC6 /* Frameworks */,
				F95AB1A61EF9198F009ECFC6 /* Resources */,
			);
			buildRules = (
			);
			dependencies = (
				F95AB1AA1EF9198F009ECFC6 /* PBXTargetDependency */,
			);
			name = swiftProjectTestTests;
			productName = swiftProjectTestTests;
			productReference = F95AB1A81EF9198F009ECFC6 /* swiftProjectTestTests.xctest */;
			productType = "com.apple.product-type.bundle.unit-test";
		};
		F95AB1B21EF9198F009ECFC6 /* swiftProjectTestUITests */ = {
			isa = PBXNativeTarget;
			buildConfigurationList = F95AB1C21EF9198F009ECFC6 /* Build configuration list for PBXNativeTarget "swiftProjectTestUITests" */;
			buildPhases = (
				F95AB1AF1EF9198F009ECFC6 /* Sources */,
				F95AB1B01EF9198F009ECFC6 /* Frameworks */,
				F95AB1B11EF9198F009ECFC6 /* Resources */,
			);
			buildRules = (
			);
			dependencies = (
				F95AB1B51EF9198F009ECFC6 /* PBXTargetDependency */,
			);
			name = swiftProjectTestUITests;
			productName = swiftProjectTestUITests;
			productReference = F95AB1B31EF9198F009ECFC6 /* swiftProjectTestUITests.xctest */;
			productType = "com.apple.product-type.bundle.ui-testing";
		};
/* End PBXNativeTarget section */

/* Begin PBXProject section */
		F95AB18C1EF9198E009ECFC6 /* Project object */ = {
			isa = PBXProject;
			attributes = {
				LastSwiftUpdateCheck = 0830;
				LastUpgradeCheck = 0830;
				ORGANIZATIONNAME = "曾辉";
				TargetAttributes = {
					F95AB1931EF9198F009ECFC6 = {
						CreatedOnToolsVersion = 8.3.2;
						DevelopmentTeam = J5FNUQU5YJ;
						ProvisioningStyle = Automatic;
					};
					F95AB1A71EF9198F009ECFC6 = {
						CreatedOnToolsVersion = 8.3.2;
						DevelopmentTeam = J5FNUQU5YJ;
						ProvisioningStyle = Automatic;
						TestTargetID = F95AB1931EF9198F009ECFC6;
					};
					F95AB1B21EF9198F009ECFC6 = {
						CreatedOnToolsVersion = 8.3.2;
						DevelopmentTeam = J5FNUQU5YJ;
						ProvisioningStyle = Automatic;
						TestTargetID = F95AB1931EF9198F009ECFC6;
					};
				};
			};
			buildConfigurationList = F95AB18F1EF9198E009ECFC6 /* Build configuration list for PBXProject "swiftProjectTest" */;
			compatibilityVersion = "Xcode 3.2";
			developmentRegion = English;
			hasScannedForEncodings = 0;
			knownRegions = (
				en,
				Base,
			);
			mainGroup = F95AB18B1EF9198E009ECFC6;
			productRefGroup = F95AB1951EF9198F009ECFC6 /* Products */;
			projectDirPath = "";
			projectRoot = "";
			targets = (
				F95AB1931EF9198F009ECFC6 /* swiftProjectTest */,
				F95AB1A71EF9198F009ECFC6 /* swiftProjectTestTests */,
				F95AB1B21EF9198F009ECFC6 /* swiftProjectTestUITests */,
			);
		};
/* End PBXProject section */

/* Begin PBXResourcesBuildPhase section */
		F95AB1921EF9198F009ECFC6 /* Resources */ = {
			isa = PBXResourcesBuildPhase;
			buildActionMask = 2147483647;
			files = (
				F95AB1A21EF9198F009ECFC6 /* LaunchScreen.storyboard in Resources */,
				F95AB19F1EF9198F009ECFC6 /* Assets.xcassets in Resources */,
				F95AB19D1EF9198F009ECFC6 /* Main.storyboard in Resources */,
			);
			runOnlyForDeploymentPostprocessing = 0;
		};
		F95AB1A61EF9198F009ECFC6 /* Resources */ = {
			isa = PBXResourcesBuildPhase;
			buildActionMask = 2147483647;
			files = (
			);
			runOnlyForDeploymentPostprocessing = 0;
		};
		F95AB1B11EF9198F009ECFC6 /* Resources */ = {
			isa = PBXResourcesBuildPhase;
			buildActionMask = 2147483647;
			files = (
			);
			runOnlyForDeploymentPostprocessing = 0;
		};
/* End PBXResourcesBuildPhase section */

/* Begin PBXShellScriptBuildPhase section */
		617680119F07445D7E08713A /* [CP] Check Pods Manifest.lock */ = {
			isa = PBXShellScriptBuildPhase;
			buildActionMask = 2147483647;
			files = (
			);
			inputPaths = (
			);
			name = "[CP] Check Pods Manifest.lock";
			outputPaths = (
			);
			runOnlyForDeploymentPostprocessing = 0;
			shellPath = /bin/sh;
			shellScript = "diff \"${PODS_PODFILE_DIR_PATH}/Podfile.lock\" \"${PODS_ROOT}/Manifest.lock\" > /dev/null\nif [ $? != 0 ] ; then\n    # print error to STDERR\n    echo \"error: The sandbox is not in sync with the Podfile.lock. Run 'pod install' or update your CocoaPods installation.\" >&2\n    exit 1\nfi\n";
			showEnvVarsInLog = 0;
		};
		C261A098A70928E694B513D4 /* [CP] Embed Pods Frameworks */ = {
			isa = PBXShellScriptBuildPhase;
			buildActionMask = 2147483647;
			files = (
			);
			inputPaths = (
			);
			name = "[CP] Embed Pods Frameworks";
			outputPaths = (
			);
			runOnlyForDeploymentPostprocessing = 0;
			shellPath = /bin/sh;
			shellScript = "\"${SRCROOT}/Pods/Target Support Files/Pods-swiftProjectTest/Pods-swiftProjectTest-frameworks.sh\"\n";
			showEnvVarsInLog = 0;
		};
		CAC19A72B4D748563792C1AC /* [CP] Copy Pods Resources */ = {
			isa = PBXShellScriptBuildPhase;
			buildActionMask = 2147483647;
			files = (
			);
			inputPaths = (
			);
			name = "[CP] Copy Pods Resources";
			outputPaths = (
			);
			runOnlyForDeploymentPostprocessing = 0;
			shellPath = /bin/sh;
			shellScript = "\"${SRCROOT}/Pods/Target Support Files/Pods-swiftProjectTest/Pods-swiftProjectTest-resources.sh\"\n";
			showEnvVarsInLog = 0;
		};
/* End PBXShellScriptBuildPhase section */

/* Begin PBXSourcesBuildPhase section */
		F95AB1901EF9198F009ECFC6 /* Sources */ = {
			isa = PBXSourcesBuildPhase;
			buildActionMask = 2147483647;
			files = (
				F95E834C1F7A2C140099F9B9 /* ZHCustomTableViewController.swift in Sources */,
				F9555BD41F74B3FA0092B095 /* ZHCustomCell.swift in Sources */,
				F95AB19A1EF9198F009ECFC6 /* ViewController.swift in Sources */,
				F95AB1981EF9198F009ECFC6 /* AppDelegate.swift in Sources */,
			);
			runOnlyForDeploymentPostprocessing = 0;
		};
		F95AB1A41EF9198F009ECFC6 /* Sources */ = {
			isa = PBXSourcesBuildPhase;
			buildActionMask = 2147483647;
			files = (
				F95AB1AD1EF9198F009ECFC6 /* swiftProjectTestTests.swift in Sources */,
			);
			runOnlyForDeploymentPostprocessing = 0;
		};
		F95AB1AF1EF9198F009ECFC6 /* Sources */ = {
			isa = PBXSourcesBuildPhase;
			buildActionMask = 2147483647;
			files = (
				F95AB1B81EF9198F009ECFC6 /* swiftProjectTestUITests.swift in Sources */,
			);
			runOnlyForDeploymentPostprocessing = 0;
		};
/* End PBXSourcesBuildPhase section */

/* Begin PBXTargetDependency section */
		F95AB1AA1EF9198F009ECFC6 /* PBXTargetDependency */ = {
			isa = PBXTargetDependency;
			target = F95AB1931EF9198F009ECFC6 /* swiftProjectTest */;
			targetProxy = F95AB1A91EF9198F009ECFC6 /* PBXContainerItemProxy */;
		};
		F95AB1B51EF9198F009ECFC6 /* PBXTargetDependency */ = {
			isa = PBXTargetDependency;
			target = F95AB1931EF9198F009ECFC6 /* swiftProjectTest */;
			targetProxy = F95AB1B41EF9198F009ECFC6 /* PBXContainerItemProxy */;
		};
/* End PBXTargetDependency section */

/* Begin PBXVariantGroup section */
		F95AB19B1EF9198F009ECFC6 /* Main.storyboard */ = {
			isa = PBXVariantGroup;
			children = (
				F95AB19C1EF9198F009ECFC6 /* Base */,
			);
			name = Main.storyboard;
			sourceTree = "<group>";
		};
		F95AB1A01EF9198F009ECFC6 /* LaunchScreen.storyboard */ = {
			isa = PBXVariantGroup;
			children = (
				F95AB1A11EF9198F009ECFC6 /* Base */,
			);
			name = LaunchScreen.storyboard;
			sourceTree = "<group>";
		};
/* End PBXVariantGroup section */

/* Begin XCBuildConfiguration section */
		F95AB1BA1EF9198F009ECFC6 /* Debug */ = {
			isa = XCBuildConfiguration;
			buildSettings = {
				ALWAYS_SEARCH_USER_PATHS = NO;
				CLANG_ANALYZER_NONNULL = YES;
				CLANG_ANALYZER_NUMBER_OBJECT_CONVERSION = YES_AGGRESSIVE;
				CLANG_CXX_LANGUAGE_STANDARD = "gnu++0x";
				CLANG_CXX_LIBRARY = "libc++";
				CLANG_ENABLE_MODULES = YES;
				CLANG_ENABLE_OBJC_ARC = YES;
				CLANG_WARN_BOOL_CONVERSION = YES;
				CLANG_WARN_CONSTANT_CONVERSION = YES;
				CLANG_WARN_DIRECT_OBJC_ISA_USAGE = YES_ERROR;
				CLANG_WARN_DOCUMENTATION_COMMENTS = YES;
				CLANG_WARN_EMPTY_BODY = YES;
				CLANG_WARN_ENUM_CONVERSION = YES;
				CLANG_WARN_INFINITE_RECURSION = YES;
				CLANG_WARN_INT_CONVERSION = YES;
				CLANG_WARN_OBJC_ROOT_CLASS = YES_ERROR;
				CLANG_WARN_SUSPICIOUS_MOVE = YES;
				CLANG_WARN_UNREACHABLE_CODE = YES;
				CLANG_WARN__DUPLICATE_METHOD_MATCH = YES;
				"CODE_SIGN_IDENTITY[sdk=iphoneos*]" = "iPhone Developer";
				COPY_PHASE_STRIP = NO;
				DEBUG_INFORMATION_FORMAT = dwarf;
				ENABLE_STRICT_OBJC_MSGSEND = YES;
				ENABLE_TESTABILITY = YES;
				GCC_C_LANGUAGE_STANDARD = gnu99;
				GCC_DYNAMIC_NO_PIC = NO;
				GCC_NO_COMMON_BLOCKS = YES;
				GCC_OPTIMIZATION_LEVEL = 0;
				GCC_PREPROCESSOR_DEFINITIONS = (
					"DEBUG=1",
					"$(inherited)",
				);
				GCC_WARN_64_TO_32_BIT_CONVERSION = YES;
				GCC_WARN_ABOUT_RETURN_TYPE = YES_ERROR;
				GCC_WARN_UNDECLARED_SELECTOR = YES;
				GCC_WARN_UNINITIALIZED_AUTOS = YES_AGGRESSIVE;
				GCC_WARN_UNUSED_FUNCTION = YES;
				GCC_WARN_UNUSED_VARIABLE = YES;
				IPHONEOS_DEPLOYMENT_TARGET = 10.3;
				MTL_ENABLE_DEBUG_INFO = YES;
				ONLY_ACTIVE_ARCH = YES;
				SDKROOT = iphoneos;
				SWIFT_ACTIVE_COMPILATION_CONDITIONS = DEBUG;
				SWIFT_OPTIMIZATION_LEVEL = "-Onone";
				TARGETED_DEVICE_FAMILY = "1,2";
			};
			name = Debug;
		};
		F95AB1BB1EF9198F009ECFC6 /* Release */ = {
			isa = XCBuildConfiguration;
			buildSettings = {
				ALWAYS_SEARCH_USER_PATHS = NO;
				CLANG_ANALYZER_NONNULL = YES;
				CLANG_ANALYZER_NUMBER_OBJECT_CONVERSION = YES_AGGRESSIVE;
				CLANG_CXX_LANGUAGE_STANDARD = "gnu++0x";
				CLANG_CXX_LIBRARY = "libc++";
				CLANG_ENABLE_MODULES = YES;
				CLANG_ENABLE_OBJC_ARC = YES;
				CLANG_WARN_BOOL_CONVERSION = YES;
				CLANG_WARN_CONSTANT_CONVERSION = YES;
				CLANG_WARN_DIRECT_OBJC_ISA_USAGE = YES_ERROR;
				CLANG_WARN_DOCUMENTATION_COMMENTS = YES;
				CLANG_WARN_EMPTY_BODY = YES;
				CLANG_WARN_ENUM_CONVERSION = YES;
				CLANG_WARN_INFINITE_RECURSION = YES;
				CLANG_WARN_INT_CONVERSION = YES;
				CLANG_WARN_OBJC_ROOT_CLASS = YES_ERROR;
				CLANG_WARN_SUSPICIOUS_MOVE = YES;
				CLANG_WARN_UNREACHABLE_CODE = YES;
				CLANG_WARN__DUPLICATE_METHOD_MATCH = YES;
				"CODE_SIGN_IDENTITY[sdk=iphoneos*]" = "iPhone Developer";
				COPY_PHASE_STRIP = NO;
				DEBUG_INFORMATION_FORMAT = "dwarf-with-dsym";
				ENABLE_NS_ASSERTIONS = NO;
				ENABLE_STRICT_OBJC_MSGSEND = YES;
				GCC_C_LANGUAGE_STANDARD = gnu99;
				GCC_NO_COMMON_BLOCKS = YES;
				GCC_WARN_64_TO_32_BIT_CONVERSION = YES;
				GCC_WARN_ABOUT_RETURN_TYPE = YES_ERROR;
				GCC_WARN_UNDECLARED_SELECTOR = YES;
				GCC_WARN_UNINITIALIZED_AUTOS = YES_AGGRESSIVE;
				GCC_WARN_UNUSED_FUNCTION = YES;
				GCC_WARN_UNUSED_VARIABLE = YES;
				IPHONEOS_DEPLOYMENT_TARGET = 10.3;
				MTL_ENABLE_DEBUG_INFO = NO;
				SDKROOT = iphoneos;
				SWIFT_OPTIMIZATION_LEVEL = "-Owholemodule";
				TARGETED_DEVICE_FAMILY = "1,2";
				VALIDATE_PRODUCT = YES;
			};
			name = Release;
		};
		F95AB1BD1EF9198F009ECFC6 /* Debug */ = {
			isa = XCBuildConfiguration;
			baseConfigurationReference = 62D7D6118CB935B902DB3F91 /* Pods-swiftProjectTest.debug.xcconfig */;
			buildSettings = {
				ASSETCATALOG_COMPILER_APPICON_NAME = AppIcon;
				DEVELOPMENT_TEAM = J5FNUQU5YJ;
				INFOPLIST_FILE = swiftProjectTest/Info.plist;
				LD_RUNPATH_SEARCH_PATHS = "$(inherited) @executable_path/Frameworks";
				PRODUCT_BUNDLE_IDENTIFIER = com.jumi.webView.swiftProjectTest;
				PRODUCT_NAME = "$(TARGET_NAME)";
				SWIFT_VERSION = 3.0;
			};
			name = Debug;
		};
		F95AB1BE1EF9198F009ECFC6 /* Release */ = {
			isa = XCBuildConfiguration;
			baseConfigurationReference = 9340F9011368379750EB5220 /* Pods-swiftProjectTest.release.xcconfig */;
			buildSettings = {
				ASSETCATALOG_COMPILER_APPICON_NAME = AppIcon;
				DEVELOPMENT_TEAM = J5FNUQU5YJ;
				INFOPLIST_FILE = swiftProjectTest/Info.plist;
				LD_RUNPATH_SEARCH_PATHS = "$(inherited) @executable_path/Frameworks";
				PRODUCT_BUNDLE_IDENTIFIER = com.jumi.webView.swiftProjectTest;
				PRODUCT_NAME = "$(TARGET_NAME)";
				SWIFT_VERSION = 3.0;
			};
			name = Release;
		};
		F95AB1C01EF9198F009ECFC6 /* Debug */ = {
			isa = XCBuildConfiguration;
			buildSettings = {
				ALWAYS_EMBED_SWIFT_STANDARD_LIBRARIES = YES;
				BUNDLE_LOADER = "$(TEST_HOST)";
				DEVELOPMENT_TEAM = J5FNUQU5YJ;
				INFOPLIST_FILE = swiftProjectTestTests/Info.plist;
				LD_RUNPATH_SEARCH_PATHS = "$(inherited) @executable_path/Frameworks @loader_path/Frameworks";
				PRODUCT_BUNDLE_IDENTIFIER = com.jumi.webView.swiftProjectTestTests;
				PRODUCT_NAME = "$(TARGET_NAME)";
				SWIFT_VERSION = 3.0;
				TEST_HOST = "$(BUILT_PRODUCTS_DIR)/swiftProjectTest.app/swiftProjectTest";
			};
			name = Debug;
		};
		F95AB1C11EF9198F009ECFC6 /* Release */ = {
			isa = XCBuildConfiguration;
			buildSettings = {
				ALWAYS_EMBED_SWIFT_STANDARD_LIBRARIES = YES;
				BUNDLE_LOADER = "$(TEST_HOST)";
				DEVELOPMENT_TEAM = J5FNUQU5YJ;
				INFOPLIST_FILE = swiftProjectTestTests/Info.plist;
				LD_RUNPATH_SEARCH_PATHS = "$(inherited) @executable_path/Frameworks @loader_path/Frameworks";
				PRODUCT_BUNDLE_IDENTIFIER = com.jumi.webView.swiftProjectTestTests;
				PRODUCT_NAME = "$(TARGET_NAME)";
				SWIFT_VERSION = 3.0;
				TEST_HOST = "$(BUILT_PRODUCTS_DIR)/swiftProjectTest.app/swiftProjectTest";
			};
			name = Release;
		};
		F95AB1C31EF9198F009ECFC6 /* Debug */ = {
			isa = XCBuildConfiguration;
			buildSettings = {
				ALWAYS_EMBED_SWIFT_STANDARD_LIBRARIES = YES;
				DEVELOPMENT_TEAM = J5FNUQU5YJ;
				INFOPLIST_FILE = swiftProjectTestUITests/Info.plist;
				LD_RUNPATH_SEARCH_PATHS = "$(inherited) @executable_path/Frameworks @loader_path/Frameworks";
				PRODUCT_BUNDLE_IDENTIFIER = com.jumi.webView.swiftProjectTestUITests;
				PRODUCT_NAME = "$(TARGET_NAME)";
				SWIFT_VERSION = 3.0;
				TEST_TARGET_NAME = swiftProjectTest;
			};
			name = Debug;
		};
		F95AB1C41EF9198F009ECFC6 /* Release */ = {
			isa = XCBuildConfiguration;
			buildSettings = {
				ALWAYS_EMBED_SWIFT_STANDARD_LIBRARIES = YES;
				DEVELOPMENT_TEAM = J5FNUQU5YJ;
				INFOPLIST_FILE = swiftProjectTestUITests/Info.plist;
				LD_RUNPATH_SEARCH_PATHS = "$(inherited) @executable_path/Frameworks @loader_path/Frameworks";
				PRODUCT_BUNDLE_IDENTIFIER = com.jumi.webView.swiftProjectTestUITests;
				PRODUCT_NAME = "$(TARGET_NAME)";
				SWIFT_VERSION = 3.0;
				TEST_TARGET_NAME = swiftProjectTest;
			};
			name = Release;
		};
/* End XCBuildConfiguration section */

/* Begin XCConfigurationList section */
		F95AB18F1EF9198E009ECFC6 /* Build configuration list for PBXProject "swiftProjectTest" */ = {
			isa = XCConfigurationList;
			buildConfigurations = (
				F95AB1BA1EF9198F009ECFC6 /* Debug */,
				F95AB1BB1EF9198F009ECFC6 /* Release */,
			);
			defaultConfigurationIsVisible = 0;
			defaultConfigurationName = Release;
		};
		F95AB1BC1EF9198F009ECFC6 /* Build configuration list for PBXNativeTarget "swiftProjectTest" */ = {
			isa = XCConfigurationList;
			buildConfigurations = (
				F95AB1BD1EF9198F009ECFC6 /* Debug */,
				F95AB1BE1EF9198F009ECFC6 /* Release */,
			);
			defaultConfigurationIsVisible = 0;
			defaultConfigurationName = Release;
		};
		F95AB1BF1EF9198F009ECFC6 /* Build configuration list for PBXNativeTarget "swiftProjectTestTests" */ = {
			isa = XCConfigurationList;
			buildConfigurations = (
				F95AB1C01EF9198F009ECFC6 /* Debug */,
				F95AB1C11EF9198F009ECFC6 /* Release */,
			);
			defaultConfigurationIsVisible = 0;
			defaultConfigurationName = Release;
		};
		F95AB1C21EF9198F009ECFC6 /* Build configuration list for PBXNativeTarget "swiftProjectTestUITests" */ = {
			isa = XCConfigurationList;
			buildConfigurations = (
				F95AB1C31EF9198F009ECFC6 /* Debug */,
				F95AB1C41EF9198F009ECFC6 /* Release */,
			);
			defaultConfigurationIsVisible = 0;
			defaultConfigurationName = Release;
		};
/* End XCConfigurationList section */
	};
	rootObject = F95AB18C1EF9198E009ECFC6 /* Project object */;
}
